
Microsoft Visual Studio Solution File, Format Version 12.00
# Visual Studio Version 17
VisualStudioVersion = 17.5.33414.496
MinimumVisualStudioVersion = 10.0.40219.1
Project("{9A19103F-16F7-4668-BE54-9A1E7A4F7556}") = "CvCoreProject5.0", "CvCoreProject5.0\CvCoreProject5.0.csproj", "{E772269E-0C03-4C5E-9F38-E4DB001898FE}"
EndProject
Project("{9A19103F-16F7-4668-BE54-9A1E7A4F7556}") = "EntityLayer", "ClassLibrary1\EntityLayer.csproj", "{DF10075D-1E1E-4DA1-8D7C-D476DF4C6E4D}"
EndProject
Project("{9A19103F-16F7-4668-BE54-9A1E7A4F7556}") = "DataAcsesLayer", "DataAcsesLayer\DataAcsesLayer.csproj", "{8B078901-1A8F-4329-A778-088C985612BC}"
EndProject
Project("{9A19103F-16F7-4668-BE54-9A1E7A4F7556}") = "BusinesLayer", "BusinesLayer\BusinesLayer.csproj", "{0868A2BA-FBEE-42B3-A10B-505BF21F1FDC}"
EndProject
Project("{FAE04EC0-301F-11D3-BF4B-00C04F79EFBC}") = "Core_Proje_Api", "Core_Proje_Api\Core_Proje_Api.csproj", "{4927BF60-FD58-481B-B8D6-A08EA2AF1679}"
EndProject
Global
	GlobalSection(SolutionConfigurationPlatforms) = preSolution
		Debug|Any CPU = Debug|Any CPU
		Release|Any CPU = Release|Any CPU
	EndGlobalSection
	GlobalSection(ProjectConfigurationPlatforms) = postSolution
		{E772269E-0C03-4C5E-9F38-E4DB001898FE}.Debug|Any CPU.ActiveCfg = Debug|Any CPU
		{E772269E-0C03-4C5E-9F38-E4DB001898FE}.Debug|Any CPU.Build.0 = Debug|Any CPU
		{E772269E-0C03-4C5E-9F38-E4DB001898FE}.Release|Any CPU.ActiveCfg = Release|Any CPU
		{E772269E-0C03-4C5E-9F38-E4DB001898FE}.Release|Any CPU.Build.0 = Release|Any CPU
		{DF10075D-1E1E-4DA1-8D7C-D476DF4C6E4D}.Debug|Any CPU.ActiveCfg = Debug|Any CPU
		{DF10075D-1E1E-4DA1-8D7C-D476DF4C6E4D}.Debug|Any CPU.Build.0 = Debug|Any CPU
		{DF10075D-1E1E-4DA1-8D7C-D476DF4C6E4D}.Release|Any CPU.ActiveCfg = Release|Any CPU
		{DF10075D-1E1E-4DA1-8D7C-D476DF4C6E4D}.Release|Any CPU.Build.0 = Release|Any CPU
		{8B078901-1A8F-4329-A778-088C985612BC}.Debug|Any CPU.ActiveCfg = Debug|Any CPU
		{8B078901-1A8F-4329-A778-088C985612BC}.Debug|Any CPU.Build.0 = Debug|Any CPU
		{8B078901-1A8F-4329-A778-088C985612BC}.Release|Any CPU.ActiveCfg = Release|Any CPU
		{8B078901-1A8F-4329-A778-088C985612BC}.Release|Any CPU.Build.0 = Release|Any CPU
		{0868A2BA-FBEE-42B3-A10B-505BF21F1FDC}.Debug|Any CPU.ActiveCfg = Debug|Any CPU
		{0868A2BA-FBEE-42B3-A10B-505BF21F1FDC}.Debug|Any CPU.Build.0 = Debug|Any CPU
		{0868A2BA-FBEE-42B3-A10B-505BF21F1FDC}.Release|Any CPU.ActiveCfg = Release|Any CPU
		{0868A2BA-FBEE-42B3-A10B-505BF21F1FDC}.Release|Any CPU.Build.0 = Release|Any CPU
		{4927BF60-FD58-481B-B8D6-A08EA2AF1679}.Debug|Any CPU.ActiveCfg = Debug|Any CPU
		{4927BF60-FD58-481B-B8D6-A08EA2AF1679}.Debug|Any CPU.Build.0 = Debug|Any CPU
		{4927BF60-FD58-481B-B8D6-A08EA2AF1679}.Release|Any CPU.ActiveCfg = Release|Any CPU
		{4927BF60-FD58-481B-B8D6-A08EA2AF1679}.Release|Any CPU.Build.0 = Release|Any CPU
	EndGlobalSection
	GlobalSection(SolutionProperties) = preSolution
		HideSolutionNode = FALSE
	EndGlobalSection
	GlobalSection(ExtensibilityGlobals) = postSolution
		SolutionGuid = {F3804341-28DA-432E-A9BA-1673EFEEB392}
	EndGlobalSection
EndGlobal
